<?xml version="1.0" encoding="utf-8"?>
<Project ToolsVersion="4.0" xmlns="http://schemas.microsoft.com/developer/msbuild/2003">
  <ItemGroup>
    <Filter Include="源文件">
      <UniqueIdentifier>{4FC737F1-C7A5-4376-A066-2A32D752A2FF}</UniqueIdentifier>
      <Extensions>cpp;c;cc;cxx;def;odl;idl;hpj;bat;asm;asmx</Extensions>
    </Filter>
    <Filter Include="头文件">
      <UniqueIdentifier>{93995380-89BD-4b04-88EB-625FBE52EBFB}</UniqueIdentifier>
      <Extensions>h;hh;hpp;hxx;hm;inl;inc;xsd</Extensions>
    </Filter>
    <Filter Include="TiniyEngine">
      <UniqueIdentifier>{45334ec1-bc27-49e7-b81c-855c7f47a310}</UniqueIdentifier>
    </Filter>
    <Filter Include="TiniyEngine\资源文件">
      <UniqueIdentifier>{67DA6AB6-F800-4c08-8B7A-83BB121AAD01}</UniqueIdentifier>
      <Extensions>rc;ico;cur;bmp;dlg;rc2;rct;bin;rgs;gif;jpg;jpeg;jpe;resx;tiff;tif;png;wav;mfcribbon-ms</Extensions>
    </Filter>
  </ItemGroup>
  <ItemGroup>
    <ClCompile Include="EngineTest.cpp">
      <Filter>源文件</Filter>
    </ClCompile>
    <ClCompile Include="TinyEngine\T_Util.cpp">
      <Filter>TiniyEngine</Filter>
    </ClCompile>
    <ClCompile Include="TinyEngine\T_Sprite.cpp">
      <Filter>TiniyEngine</Filter>
    </ClCompile>
    <ClCompile Include="TinyEngine\T_Menu.cpp">
      <Filter>TiniyEngine</Filter>
    </ClCompile>
    <ClCompile Include="TinyEngine\T_Graph.cpp">
      <Filter>TiniyEngine</Filter>
    </ClCompile>
    <ClCompile Include="TinyEngine\T_Engine.cpp">
      <Filter>TiniyEngine</Filter>
    </ClCompile>
    <ClCompile Include="TinyEngine\T_Display.cpp">
      <Filter>TiniyEngine</Filter>
    </ClCompile>
    <ClCompile Include="TinyEngine\T_AI.cpp">
      <Filter>TiniyEngine</Filter>
    </ClCompile>
    <ClCompile Include="TinyEngine\T_Map.cpp">
      <Filter>TiniyEngine</Filter>
    </ClCompile>
  </ItemGroup>
  <ItemGroup>
    <ClInclude Include="EngineTest.h">
      <Filter>头文件</Filter>
    </ClInclude>
    <ClInclude Include="resource.h">
      <Filter>头文件</Filter>
    </ClInclude>
    <ClInclude Include="TinyEngine\T_Util.h">
      <Filter>TiniyEngine</Filter>
    </ClInclude>
    <ClInclude Include="TinyEngine\T_Sprite.h">
      <Filter>TiniyEngine</Filter>
    </ClInclude>
    <ClInclude Include="TinyEngine\T_Menu.h">
      <Filter>TiniyEngine</Filter>
    </ClInclude>
    <ClInclude Include="TinyEngine\T_Layer.h">
      <Filter>TiniyEngine</Filter>
    </ClInclude>
    <ClInclude Include="TinyEngine\T_Graph.h">
      <Filter>TiniyEngine</Filter>
    </ClInclude>
    <ClInclude Include="TinyEngine\T_Engine.h">
      <Filter>TiniyEngine</Filter>
    </ClInclude>
    <ClInclude Include="TinyEngine\T_Display.h">
      <Filter>TiniyEngine</Filter>
    </ClInclude>
    <ClInclude Include="TinyEngine\T_Config.h">
      <Filter>TiniyEngine</Filter>
    </ClInclude>
    <ClInclude Include="TinyEngine\T_AI.h">
      <Filter>TiniyEngine</Filter>
    </ClInclude>
    <ClInclude Include="TinyEngine\T_Map.h">
      <Filter>TiniyEngine</Filter>
    </ClInclude>
  </ItemGroup>
  <ItemGroup>
    <ResourceCompile Include="Project8.rc">
      <Filter>TiniyEngine\资源文件</Filter>
    </ResourceCompile>
  </ItemGroup>
  <ItemGroup>
    <Image Include="XFISH SHARK 3.ico">
      <Filter>TiniyEngine\资源文件</Filter>
    </Image>
  </ItemGroup>
</Project>